github.com/davecgh/go-spew v1.1.1 h1:vj9j/u1bqnvCEfJOwUhtlOARqs3+rkHYY13jYWTU97c=
github.com/davecgh/go-spew v1.1.1/go.mod h1:J7Y8YcW2NihsgmVo/mv3lAwl/skON4iLHjSsI+c5H38=
github.com/muzudho/gtp-engine-to-nngs v0.0.0-20210223122654-4010813f3491 h1:HeOOPQXBEabZnV1aeaEUIh0/zpBAM5RN44GGyjpzJGU=
github.com/muzudho/gtp-engine-to-nngs v0.0.0-20210223122654-4010813f3491/go.mod h1:/S8R871uh9/PPqskZXTfbXV3GV651R1B/QsXwAgkkM4=
github.com/muzudho/gtp-engine-to-nngs v0.0.0-20210302100415-a1719837cb1b h1:JSmXJd14XO1S1MSDf2LasfUlLRGQeQkBLA4bhVGC77c=
github.com/muzudho/gtp-engine-to-nngs v0.0.0-20210302100415-a1719837cb1b/go.mod h1:/S8R871uh9/PPqskZXTfbXV3GV651R1B/QsXwAgkkM4=
github.com/muzudho/kifuwarabe-gtp v0.0.0-20210223114126-f3ecc430e2c3 h1:VDP2XFTlTh0VTNwpa/YTqRDOMNvfKOyD9uvHt30s51o=
github.com/muzudho/kifuwarabe-gtp v0.0.0-20210223114126-f3ecc430e2c3/go.mod h1:lAE9LAkymPmFfK+SDT6bKwLOuTRxSeVoAV74TmprEPg=
github.com/muzudho/kifuwarabe-gtp v0.0.0-20210302100511-aae2ecdb6b5a h1:BaH9qeubpMkL9PWEEJsHhptMV9XgJYWic4BWEIzm8lQ=
github.com/muzudho/kifuwarabe-gtp v0.0.0-20210302100511-aae2ecdb6b5a/go.mod h1:lAE9LAkymPmFfK+SDT6bKwLOuTRxSeVoAV74TmprEPg=
github.com/pelletier/go-toml v1.8.1 h1:1Nf83orprkJyknT6h7zbuEGUEjcyVlCxSUGTENmNCRM=
github.com/pelletier/go-toml v1.8.1/go.mod h1:T2/BmBdy8dvIRq1a/8aqjN41wvWlN4lrapLU/GW4pbc=
github.com/reiver/go-oi v1.0.0/go.mod h1:RrDBct90BAhoDTxB1fenZwfykqeGvhI6LsNfStJoEkI=
github.com/reiver/go-telnet v0.0.0-20180421082511-9ff0b2ab096e/go.mod h1:+5vNVvEWwEIx86DB9Ke/+a5wBI464eDRo3eF0LcfpWg=
